
Microsoft Visual Studio Solution File, Format Version 12.00
# Visual Studio Version 17
VisualStudioVersion = 17.12.35521.163
MinimumVisualStudioVersion = 10.0.40219.1
Project("{FAE04EC0-301F-11D3-BF4B-00C04F79EFBC}") = "ToyBox.Generator", "ToyBox.Generator\ToyBox.Generator.csproj", "{F1FD3B7C-8220-479C-99FE-32E6FA0C8707}"
EndProject
Project("{FAE04EC0-301F-11D3-BF4B-00C04F79EFBC}") = "ToyBox.Generator.Package", "ToyBox.Generator.Package\ToyBox.Generator.Package.csproj", "{1EA9E643-09C5-4889-B3B4-269CE8263F8B}"
EndProject
Global
	GlobalSection(SolutionConfigurationPlatforms) = preSolution
		Debug|Any CPU = Debug|Any CPU
		Release|Any CPU = Release|Any CPU
	EndGlobalSection
	GlobalSection(ProjectConfigurationPlatforms) = postSolution
		{F1FD3B7C-8220-479C-99FE-32E6FA0C8707}.Debug|Any CPU.ActiveCfg = Debug|Any CPU
		{F1FD3B7C-8220-479C-99FE-32E6FA0C8707}.Debug|Any CPU.Build.0 = Debug|Any CPU
		{F1FD3B7C-8220-479C-99FE-32E6FA0C8707}.Release|Any CPU.ActiveCfg = Release|Any CPU
		{F1FD3B7C-8220-479C-99FE-32E6FA0C8707}.Release|Any CPU.Build.0 = Release|Any CPU
		{1EA9E643-09C5-4889-B3B4-269CE8263F8B}.Debug|Any CPU.ActiveCfg = Debug|Any CPU
		{1EA9E643-09C5-4889-B3B4-269CE8263F8B}.Debug|Any CPU.Build.0 = Debug|Any CPU
		{1EA9E643-09C5-4889-B3B4-269CE8263F8B}.Release|Any CPU.ActiveCfg = Release|Any CPU
		{1EA9E643-09C5-4889-B3B4-269CE8263F8B}.Release|Any CPU.Build.0 = Release|Any CPU
	EndGlobalSection
	GlobalSection(SolutionProperties) = preSolution
		HideSolutionNode = FALSE
	EndGlobalSection
EndGlobal
